
Microsoft Visual Studio Solution File, Format Version 12.00
# Visual Studio 15
VisualStudioVersion = 15.0.26430.6
MinimumVisualStudioVersion = 10.0.40219.1
Project("{FAE04EC0-301F-11D3-BF4B-00C04F79EFBC}") = "spider-stackoverflow", "ConsoleApp1\spider-stackoverflow.csproj", "{430628FB-BAF8-40EF-9AF4-D61B035E58F9}"
EndProject
Project("{FAE04EC0-301F-11D3-BF4B-00C04F79EFBC}") = "spider-quora", "fb\spider-quora.csproj", "{9913111E-E400-4954-AD7C-BE9DAFEF2CC1}"
EndProject
Project("{FAE04EC0-301F-11D3-BF4B-00C04F79EFBC}") = "monitor", "monitor\monitor.csproj", "{BF3F1D2D-3444-44A3-B7E6-996EDE889DB2}"
EndProject
Project("{FAE04EC0-301F-11D3-BF4B-00C04F79EFBC}") = "sqlite_console", "sqlite_console\sqlite_console.csproj", "{08E8B95C-6E1F-4083-86E7-7389D557A98C}"
EndProject
Global
	GlobalSection(SolutionConfigurationPlatforms) = preSolution
		Debug|Any CPU = Debug|Any CPU
		Release|Any CPU = Release|Any CPU
	EndGlobalSection
	GlobalSection(ProjectConfigurationPlatforms) = postSolution
		{430628FB-BAF8-40EF-9AF4-D61B035E58F9}.Debug|Any CPU.ActiveCfg = Debug|Any CPU
		{430628FB-BAF8-40EF-9AF4-D61B035E58F9}.Debug|Any CPU.Build.0 = Debug|Any CPU
		{430628FB-BAF8-40EF-9AF4-D61B035E58F9}.Release|Any CPU.ActiveCfg = Release|Any CPU
		{430628FB-BAF8-40EF-9AF4-D61B035E58F9}.Release|Any CPU.Build.0 = Release|Any CPU
		{9913111E-E400-4954-AD7C-BE9DAFEF2CC1}.Debug|Any CPU.ActiveCfg = Debug|Any CPU
		{9913111E-E400-4954-AD7C-BE9DAFEF2CC1}.Debug|Any CPU.Build.0 = Debug|Any CPU
		{9913111E-E400-4954-AD7C-BE9DAFEF2CC1}.Release|Any CPU.ActiveCfg = Release|Any CPU
		{9913111E-E400-4954-AD7C-BE9DAFEF2CC1}.Release|Any CPU.Build.0 = Release|Any CPU
		{BF3F1D2D-3444-44A3-B7E6-996EDE889DB2}.Debug|Any CPU.ActiveCfg = Debug|Any CPU
		{BF3F1D2D-3444-44A3-B7E6-996EDE889DB2}.Debug|Any CPU.Build.0 = Debug|Any CPU
		{BF3F1D2D-3444-44A3-B7E6-996EDE889DB2}.Release|Any CPU.ActiveCfg = Release|Any CPU
		{BF3F1D2D-3444-44A3-B7E6-996EDE889DB2}.Release|Any CPU.Build.0 = Release|Any CPU
		{08E8B95C-6E1F-4083-86E7-7389D557A98C}.Debug|Any CPU.ActiveCfg = Debug|Any CPU
		{08E8B95C-6E1F-4083-86E7-7389D557A98C}.Debug|Any CPU.Build.0 = Debug|Any CPU
		{08E8B95C-6E1F-4083-86E7-7389D557A98C}.Release|Any CPU.ActiveCfg = Release|Any CPU
		{08E8B95C-6E1F-4083-86E7-7389D557A98C}.Release|Any CPU.Build.0 = Release|Any CPU
	EndGlobalSection
	GlobalSection(SolutionProperties) = preSolution
		HideSolutionNode = FALSE
	EndGlobalSection
EndGlobal
